<?xml version="1.0" encoding="utf-8"?>
<Project ToolsVersion="4.0" xmlns="http://schemas.microsoft.com/developer/msbuild/2003">
  <ItemGroup>
    <Filter Include="Sources">
      <UniqueIdentifier>{1fc6a27e-93ab-493e-8525-7b8b8240d582}</UniqueIdentifier>
    </Filter>
    <Filter Include="Sources\psglib">
      <UniqueIdentifier>{da0efd53-a118-44bd-86c6-26f927715b01}</UniqueIdentifier>
    </Filter>
    <Filter Include="Sources\psgtools">
      <UniqueIdentifier>{d8164a16-37ee-45f2-b70f-0ecfc37759ff}</UniqueIdentifier>
    </Filter>
    <Filter Include="Sources\psglib\components">
      <UniqueIdentifier>{b28e8681-829a-4d54-92e6-99d96e9035b8}</UniqueIdentifier>
    </Filter>
    <Filter Include="Sources\psgtools\components">
      <UniqueIdentifier>{6933adea-7b71-4cf8-b9e3-20b33bfe1475}</UniqueIdentifier>
    </Filter>
    <Filter Include="Sources\psglib\decoders">
      <UniqueIdentifier>{2885224d-59f1-49c6-bbc7-247321895dcf}</UniqueIdentifier>
    </Filter>
    <Filter Include="Sources\psglib\encoders">
      <UniqueIdentifier>{0714689d-4a3f-49b8-a4ea-df2dccbe0d7b}</UniqueIdentifier>
    </Filter>
    <Filter Include="Sources\psglib\stream">
      <UniqueIdentifier>{d9f2fa75-750f-4cf3-bc1e-c2fbc095e306}</UniqueIdentifier>
    </Filter>
    <Filter Include="Sources\psglib\output">
      <UniqueIdentifier>{6a9732e5-0371-484a-a203-ad136d524ec1}</UniqueIdentifier>
    </Filter>
    <Filter Include="Sources\psglib\components\ayumi">
      <UniqueIdentifier>{43821713-d468-45e3-b7d2-99a1e5ab889c}</UniqueIdentifier>
    </Filter>
    <Filter Include="Sources\psglib\components\lha">
      <UniqueIdentifier>{c5326540-fba2-43dd-9544-f9f3c04f05fb}</UniqueIdentifier>
    </Filter>
    <Filter Include="Sources\psglib\components\zlib">
      <UniqueIdentifier>{b83762de-ad14-45c2-9883-881a2e79dbeb}</UniqueIdentifier>
    </Filter>
    <Filter Include="Sources\psglib\decoders\chipsims">
      <UniqueIdentifier>{8fe839e5-649e-4b6b-a744-bcfb543be5d8}</UniqueIdentifier>
    </Filter>
    <Filter Include="Sources\psglib\decoders\modules">
      <UniqueIdentifier>{897a8721-df32-4b75-8302-a5249b71ffe3}</UniqueIdentifier>
    </Filter>
    <Filter Include="Sources\psglib\decoders\streams">
      <UniqueIdentifier>{019214f3-fdd9-457a-b5a0-f4e8fc865a81}</UniqueIdentifier>
    </Filter>
    <Filter Include="Sources\psglib\encoders\specific">
      <UniqueIdentifier>{a930c499-e239-48c3-86c8-86e5b71a3808}</UniqueIdentifier>
    </Filter>
    <Filter Include="Sources\psglib\encoders\streams">
      <UniqueIdentifier>{4d7fd187-1446-4d77-a331-a63b76ed9ab1}</UniqueIdentifier>
    </Filter>
    <Filter Include="Sources\psglib\output\emulator">
      <UniqueIdentifier>{1b9998b7-db91-4e65-bfd0-07695e88b0e9}</UniqueIdentifier>
    </Filter>
    <Filter Include="Sources\psglib\output\streamer">
      <UniqueIdentifier>{f05a61c1-3367-4cfa-8758-90457cf416c7}</UniqueIdentifier>
    </Filter>
    <Filter Include="Sources\psgtools\components\glob">
      <UniqueIdentifier>{6caf40ea-dad6-4c3e-91cd-bd4d08382336}</UniqueIdentifier>
    </Filter>
    <Filter Include="Sources\psgtools\components\terminal">
      <UniqueIdentifier>{d9489378-253c-4792-b484-db7e084173c2}</UniqueIdentifier>
    </Filter>
  </ItemGroup>
  <ItemGroup>
    <ClCompile Include="..\src\psglib\components\ayumi\ayumi.cpp">
      <Filter>Sources\psglib\components\ayumi</Filter>
    </ClCompile>
    <ClCompile Include="..\src\psglib\components\lha\lh5_decode.cpp">
      <Filter>Sources\psglib\components\lha</Filter>
    </ClCompile>
    <ClCompile Include="..\src\psglib\components\zlib\adler32.c">
      <Filter>Sources\psglib\components\zlib</Filter>
    </ClCompile>
    <ClCompile Include="..\src\psglib\components\zlib\compress.c">
      <Filter>Sources\psglib\components\zlib</Filter>
    </ClCompile>
    <ClCompile Include="..\src\psglib\components\zlib\crc32.c">
      <Filter>Sources\psglib\components\zlib</Filter>
    </ClCompile>
    <ClCompile Include="..\src\psglib\components\zlib\deflate.c">
      <Filter>Sources\psglib\components\zlib</Filter>
    </ClCompile>
    <ClCompile Include="..\src\psglib\components\zlib\gzio.c">
      <Filter>Sources\psglib\components\zlib</Filter>
    </ClCompile>
    <ClCompile Include="..\src\psglib\components\zlib\infback.c">
      <Filter>Sources\psglib\components\zlib</Filter>
    </ClCompile>
    <ClCompile Include="..\src\psglib\components\zlib\inffast.c">
      <Filter>Sources\psglib\components\zlib</Filter>
    </ClCompile>
    <ClCompile Include="..\src\psglib\components\zlib\inflate.c">
      <Filter>Sources\psglib\components\zlib</Filter>
    </ClCompile>
    <ClCompile Include="..\src\psglib\components\zlib\inftrees.c">
      <Filter>Sources\psglib\components\zlib</Filter>
    </ClCompile>
    <ClCompile Include="..\src\psglib\components\zlib\trees.c">
      <Filter>Sources\psglib\components\zlib</Filter>
    </ClCompile>
    <ClCompile Include="..\src\psglib\components\zlib\uncompr.c">
      <Filter>Sources\psglib\components\zlib</Filter>
    </ClCompile>
    <ClCompile Include="..\src\psglib\components\zlib\zutil.c">
      <Filter>Sources\psglib\components\zlib</Filter>
    </ClCompile>
    <ClCompile Include="..\src\psglib\decoders\chipsims\SimAY8910.cpp">
      <Filter>Sources\psglib\decoders\chipsims</Filter>
    </ClCompile>
    <ClCompile Include="..\src\psglib\decoders\chipsims\SimRP2A03.cpp">
      <Filter>Sources\psglib\decoders\chipsims</Filter>
    </ClCompile>
    <ClCompile Include="..\src\psglib\decoders\chipsims\SimSN76489.cpp">
      <Filter>Sources\psglib\decoders\chipsims</Filter>
    </ClCompile>
    <ClCompile Include="..\src\psglib\decoders\modules\DecodeASC.cpp">
      <Filter>Sources\psglib\decoders\modules</Filter>
    </ClCompile>
    <ClCompile Include="..\src\psglib\decoders\modules\DecodePT2.cpp">
      <Filter>Sources\psglib\decoders\modules</Filter>
    </ClCompile>
    <ClCompile Include="..\src\psglib\decoders\modules\DecodePT3.cpp">
      <Filter>Sources\psglib\decoders\modules</Filter>
    </ClCompile>
    <ClCompile Include="..\src\psglib\decoders\modules\DecodeSQT.cpp">
      <Filter>Sources\psglib\decoders\modules</Filter>
    </ClCompile>
    <ClCompile Include="..\src\psglib\decoders\modules\DecodeSTC.cpp">
      <Filter>Sources\psglib\decoders\modules</Filter>
    </ClCompile>
    <ClCompile Include="..\src\psglib\decoders\modules\DecodeSTP.cpp">
      <Filter>Sources\psglib\decoders\modules</Filter>
    </ClCompile>
    <ClCompile Include="..\src\psglib\decoders\streams\DecodeAYM.cpp">
      <Filter>Sources\psglib\decoders\streams</Filter>
    </ClCompile>
    <ClCompile Include="..\src\psglib\decoders\streams\DecodePSG.cpp">
      <Filter>Sources\psglib\decoders\streams</Filter>
    </ClCompile>
    <ClCompile Include="..\src\psglib\decoders\streams\DecodeVGM.cpp">
      <Filter>Sources\psglib\decoders\streams</Filter>
    </ClCompile>
    <ClCompile Include="..\src\psglib\decoders\streams\DecodeVTX.cpp">
      <Filter>Sources\psglib\decoders\streams</Filter>
    </ClCompile>
    <ClCompile Include="..\src\psglib\decoders\streams\DecodeYM.cpp">
      <Filter>Sources\psglib\decoders\streams</Filter>
    </ClCompile>
    <ClCompile Include="..\src\psglib\decoders\Decoder.cpp">
      <Filter>Sources\psglib\decoders</Filter>
    </ClCompile>
    <ClCompile Include="..\src\psglib\encoders\streams\EncodeAYM.cpp">
      <Filter>Sources\psglib\encoders\streams</Filter>
    </ClCompile>
    <ClCompile Include="..\src\psglib\encoders\streams\EncodePSG.cpp">
      <Filter>Sources\psglib\encoders\streams</Filter>
    </ClCompile>
    <ClCompile Include="..\src\psglib\encoders\streams\EncodeVGM.cpp">
      <Filter>Sources\psglib\encoders\streams</Filter>
    </ClCompile>
    <ClCompile Include="..\src\psglib\encoders\streams\EncodeVTX.cpp">
      <Filter>Sources\psglib\encoders\streams</Filter>
    </ClCompile>
    <ClCompile Include="..\src\psglib\encoders\streams\EncodeYM.cpp">
      <Filter>Sources\psglib\encoders\streams</Filter>
    </ClCompile>
    <ClCompile Include="..\src\psglib\encoders\specific\EncodeTXT.cpp">
      <Filter>Sources\psglib\encoders\specific</Filter>
    </ClCompile>
    <ClCompile Include="..\src\psglib\encoders\specific\EncodeWAV.cpp">
      <Filter>Sources\psglib\encoders\specific</Filter>
    </ClCompile>
    <ClCompile Include="..\src\psglib\encoders\Encoder.cpp">
      <Filter>Sources\psglib\encoders</Filter>
    </ClCompile>
    <ClCompile Include="..\src\psglib\output\emulator\Emulator.cpp">
      <Filter>Sources\psglib\output\emulator</Filter>
    </ClCompile>
    <ClCompile Include="..\src\psglib\output\emulator\WaveAudio.cpp">
      <Filter>Sources\psglib\output\emulator</Filter>
    </ClCompile>
    <ClCompile Include="..\src\psglib\output\streamer\SerialPort.cpp">
      <Filter>Sources\psglib\output\streamer</Filter>
    </ClCompile>
    <ClCompile Include="..\src\psglib\output\streamer\Streamer.cpp">
      <Filter>Sources\psglib\output\streamer</Filter>
    </ClCompile>
    <ClCompile Include="..\src\psglib\stream\Chip.cpp">
      <Filter>Sources\psglib\stream</Filter>
    </ClCompile>
    <ClCompile Include="..\src\psglib\stream\Frame.cpp">
      <Filter>Sources\psglib\stream</Filter>
    </ClCompile>
    <ClCompile Include="..\src\psglib\stream\Player.cpp">
      <Filter>Sources\psglib\stream</Filter>
    </ClCompile>
    <ClCompile Include="..\src\psglib\stream\Stream.cpp">
      <Filter>Sources\psglib\stream</Filter>
    </ClCompile>
    <ClCompile Include="..\src\psglib\PSGLib.cpp">
      <Filter>Sources\psglib</Filter>
    </ClCompile>
    <ClCompile Include="..\src\psgtools\components\glob\glob.cpp">
      <Filter>Sources\psgtools\components\glob</Filter>
    </ClCompile>
    <ClCompile Include="..\src\psgtools\Filelist.cpp">
      <Filter>Sources\psgtools</Filter>
    </ClCompile>
    <ClCompile Include="..\src\psgtools\Interface.cpp">
      <Filter>Sources\psgtools</Filter>
    </ClCompile>
    <ClCompile Include="..\src\psgtools\PSGTools.cpp">
      <Filter>Sources\psgtools</Filter>
    </ClCompile>
  </ItemGroup>
  <ItemGroup>
    <ClInclude Include="..\src\psglib\components\ayumi\ayumi.h">
      <Filter>Sources\psglib\components\ayumi</Filter>
    </ClInclude>
    <ClInclude Include="..\src\psglib\components\lha\lh5_decode.h">
      <Filter>Sources\psglib\components\lha</Filter>
    </ClInclude>
    <ClInclude Include="..\src\psglib\components\zlib\crc32.h">
      <Filter>Sources\psglib\components\zlib</Filter>
    </ClInclude>
    <ClInclude Include="..\src\psglib\components\zlib\deflate.h">
      <Filter>Sources\psglib\components\zlib</Filter>
    </ClInclude>
    <ClInclude Include="..\src\psglib\components\zlib\inffast.h">
      <Filter>Sources\psglib\components\zlib</Filter>
    </ClInclude>
    <ClInclude Include="..\src\psglib\components\zlib\inffixed.h">
      <Filter>Sources\psglib\components\zlib</Filter>
    </ClInclude>
    <ClInclude Include="..\src\psglib\components\zlib\inflate.h">
      <Filter>Sources\psglib\components\zlib</Filter>
    </ClInclude>
    <ClInclude Include="..\src\psglib\components\zlib\inftrees.h">
      <Filter>Sources\psglib\components\zlib</Filter>
    </ClInclude>
    <ClInclude Include="..\src\psglib\components\zlib\trees.h">
      <Filter>Sources\psglib\components\zlib</Filter>
    </ClInclude>
    <ClInclude Include="..\src\psglib\components\zlib\zconf.h">
      <Filter>Sources\psglib\components\zlib</Filter>
    </ClInclude>
    <ClInclude Include="..\src\psglib\components\zlib\zconf.in.h">
      <Filter>Sources\psglib\components\zlib</Filter>
    </ClInclude>
    <ClInclude Include="..\src\psglib\components\zlib\zlib.h">
      <Filter>Sources\psglib\components\zlib</Filter>
    </ClInclude>
    <ClInclude Include="..\src\psglib\components\zlib\zutil.h">
      <Filter>Sources\psglib\components\zlib</Filter>
    </ClInclude>
    <ClInclude Include="..\src\psglib\decoders\chipsims\ChipSim.h">
      <Filter>Sources\psglib\decoders\chipsims</Filter>
    </ClInclude>
    <ClInclude Include="..\src\psglib\decoders\chipsims\SimAY8910.h">
      <Filter>Sources\psglib\decoders\chipsims</Filter>
    </ClInclude>
    <ClInclude Include="..\src\psglib\decoders\chipsims\SimRP2A03.h">
      <Filter>Sources\psglib\decoders\chipsims</Filter>
    </ClInclude>
    <ClInclude Include="..\src\psglib\decoders\chipsims\SimSN76489.h">
      <Filter>Sources\psglib\decoders\chipsims</Filter>
    </ClInclude>
    <ClInclude Include="..\src\psglib\decoders\modules\DecodeASC.h">
      <Filter>Sources\psglib\decoders\modules</Filter>
    </ClInclude>
    <ClInclude Include="..\src\psglib\decoders\modules\DecodePT2.h">
      <Filter>Sources\psglib\decoders\modules</Filter>
    </ClInclude>
    <ClInclude Include="..\src\psglib\decoders\modules\DecodePT3.h">
      <Filter>Sources\psglib\decoders\modules</Filter>
    </ClInclude>
    <ClInclude Include="..\src\psglib\decoders\modules\DecodeSQT.h">
      <Filter>Sources\psglib\decoders\modules</Filter>
    </ClInclude>
    <ClInclude Include="..\src\psglib\decoders\modules\DecodeSTC.h">
      <Filter>Sources\psglib\decoders\modules</Filter>
    </ClInclude>
    <ClInclude Include="..\src\psglib\decoders\modules\DecodeSTP.h">
      <Filter>Sources\psglib\decoders\modules</Filter>
    </ClInclude>
    <ClInclude Include="..\src\psglib\decoders\streams\DecodeAYM.h">
      <Filter>Sources\psglib\decoders\streams</Filter>
    </ClInclude>
    <ClInclude Include="..\src\psglib\decoders\streams\DecodePSG.h">
      <Filter>Sources\psglib\decoders\streams</Filter>
    </ClInclude>
    <ClInclude Include="..\src\psglib\decoders\streams\DecodeVGM.h">
      <Filter>Sources\psglib\decoders\streams</Filter>
    </ClInclude>
    <ClInclude Include="..\src\psglib\decoders\streams\DecodeVTX.h">
      <Filter>Sources\psglib\decoders\streams</Filter>
    </ClInclude>
    <ClInclude Include="..\src\psglib\decoders\streams\DecodeYM.h">
      <Filter>Sources\psglib\decoders\streams</Filter>
    </ClInclude>
    <ClInclude Include="..\src\psglib\decoders\Decoder.h">
      <Filter>Sources\psglib\decoders</Filter>
    </ClInclude>
    <ClInclude Include="..\src\psglib\encoders\streams\EncodeAYM.h">
      <Filter>Sources\psglib\encoders\streams</Filter>
    </ClInclude>
    <ClInclude Include="..\src\psglib\encoders\streams\EncodePSG.h">
      <Filter>Sources\psglib\encoders\streams</Filter>
    </ClInclude>
    <ClInclude Include="..\src\psglib\encoders\streams\EncodeVGM.h">
      <Filter>Sources\psglib\encoders\streams</Filter>
    </ClInclude>
    <ClInclude Include="..\src\psglib\encoders\streams\EncodeVTX.h">
      <Filter>Sources\psglib\encoders\streams</Filter>
    </ClInclude>
    <ClInclude Include="..\src\psglib\encoders\streams\EncodeYM.h">
      <Filter>Sources\psglib\encoders\streams</Filter>
    </ClInclude>
    <ClInclude Include="..\src\psglib\encoders\specific\EncodeTXT.h">
      <Filter>Sources\psglib\encoders\specific</Filter>
    </ClInclude>
    <ClInclude Include="..\src\psglib\encoders\specific\EncodeWAV.h">
      <Filter>Sources\psglib\encoders\specific</Filter>
    </ClInclude>
    <ClInclude Include="..\src\psglib\encoders\Encoder.h">
      <Filter>Sources\psglib\encoders</Filter>
    </ClInclude>
    <ClInclude Include="..\src\psglib\output\emulator\Emulator.h">
      <Filter>Sources\psglib\output\emulator</Filter>
    </ClInclude>
    <ClInclude Include="..\src\psglib\output\emulator\WaveAudio.h">
      <Filter>Sources\psglib\output\emulator</Filter>
    </ClInclude>
    <ClInclude Include="..\src\psglib\output\streamer\SerialPort.h">
      <Filter>Sources\psglib\output\streamer</Filter>
    </ClInclude>
    <ClInclude Include="..\src\psglib\output\streamer\Streamer.h">
      <Filter>Sources\psglib\output\streamer</Filter>
    </ClInclude>
    <ClInclude Include="..\src\psglib\output\Output.h">
      <Filter>Sources\psglib\output</Filter>
    </ClInclude>
    <ClInclude Include="..\src\psglib\stream\Chip.h">
      <Filter>Sources\psglib\stream</Filter>
    </ClInclude>
    <ClInclude Include="..\src\psglib\stream\Frame.h">
      <Filter>Sources\psglib\stream</Filter>
    </ClInclude>
    <ClInclude Include="..\src\psglib\stream\Player.h">
      <Filter>Sources\psglib\stream</Filter>
    </ClInclude>
    <ClInclude Include="..\src\psglib\stream\Stream.h">
      <Filter>Sources\psglib\stream</Filter>
    </ClInclude>
    <ClInclude Include="..\src\psglib\Property.h">
      <Filter>Sources\psglib</Filter>
    </ClInclude>
    <ClInclude Include="..\src\psglib\PSGLib.h">
      <Filter>Sources\psglib</Filter>
    </ClInclude>
    <ClInclude Include="..\src\psgtools\components\glob\glob.h">
      <Filter>Sources\psgtools\components\glob</Filter>
    </ClInclude>
    <ClInclude Include="..\src\psgtools\components\terminal\terminal.hpp">
      <Filter>Sources\psgtools\components\terminal</Filter>
    </ClInclude>
    <ClInclude Include="..\src\psgtools\components\terminal\terminal_color.hpp">
      <Filter>Sources\psgtools\components\terminal</Filter>
    </ClInclude>
    <ClInclude Include="..\src\psgtools\components\terminal\terminal_cursor.hpp">
      <Filter>Sources\psgtools\components\terminal</Filter>
    </ClInclude>
    <ClInclude Include="..\src\psgtools\components\terminal\terminal_size.hpp">
      <Filter>Sources\psgtools\components\terminal</Filter>
    </ClInclude>
    <ClInclude Include="..\src\psgtools\Filelist.h">
      <Filter>Sources\psgtools</Filter>
    </ClInclude>
    <ClInclude Include="..\src\psgtools\Interface.h">
      <Filter>Sources\psgtools</Filter>
    </ClInclude>
  </ItemGroup>
</Project>