<?xml version="1.0" encoding="utf-8"?>
<Project ToolsVersion="4.0" xmlns="http://schemas.microsoft.com/developer/msbuild/2003">
  <ItemGroup>
    <Filter Include="Sources">
      <UniqueIdentifier>{d2a7245d-289d-48fd-9387-5ba9060ac7e9}</UniqueIdentifier>
    </Filter>
    <Filter Include="Sources\ayumi">
      <UniqueIdentifier>{dee13561-826a-4f97-8c68-9a20f90f8a7b}</UniqueIdentifier>
    </Filter>
    <Filter Include="Sources\lh5_decode">
      <UniqueIdentifier>{b07c8312-8bc1-4e3c-adb3-d24ca97fa5df}</UniqueIdentifier>
    </Filter>
    <Filter Include="Sources\glob">
      <UniqueIdentifier>{104648e6-16af-46d2-914f-ee4d4581bdb4}</UniqueIdentifier>
    </Filter>
    <Filter Include="Sources\gzip">
      <UniqueIdentifier>{4671dc15-11ae-4701-99ea-20cfa606c770}</UniqueIdentifier>
    </Filter>
    <Filter Include="Sources\zlib">
      <UniqueIdentifier>{b8c5ab34-c6ee-40c3-a2c5-e9c6caab799c}</UniqueIdentifier>
    </Filter>
  </ItemGroup>
  <ItemGroup>
    <ClCompile Include="..\..\src\commons\ayumi\ayumi.cpp">
      <Filter>Sources\ayumi</Filter>
    </ClCompile>
    <ClCompile Include="..\..\src\commons\lh5_decode\lh5_decode.cpp">
      <Filter>Sources\lh5_decode</Filter>
    </ClCompile>
    <ClCompile Include="..\..\src\commons\glob\glob.cpp">
      <Filter>Sources\glob</Filter>
    </ClCompile>
    <ClCompile Include="..\..\src\commons\gzip\gzstream.cpp">
      <Filter>Sources\gzip</Filter>
    </ClCompile>
    <ClCompile Include="..\..\src\commons\zlib\adler32.c">
      <Filter>Sources\zlib</Filter>
    </ClCompile>
    <ClCompile Include="..\..\src\commons\zlib\compress.c">
      <Filter>Sources\zlib</Filter>
    </ClCompile>
    <ClCompile Include="..\..\src\commons\zlib\crc32.c">
      <Filter>Sources\zlib</Filter>
    </ClCompile>
    <ClCompile Include="..\..\src\commons\zlib\deflate.c">
      <Filter>Sources\zlib</Filter>
    </ClCompile>
    <ClCompile Include="..\..\src\commons\zlib\gzio.c">
      <Filter>Sources\zlib</Filter>
    </ClCompile>
    <ClCompile Include="..\..\src\commons\zlib\infback.c">
      <Filter>Sources\zlib</Filter>
    </ClCompile>
    <ClCompile Include="..\..\src\commons\zlib\inffast.c">
      <Filter>Sources\zlib</Filter>
    </ClCompile>
    <ClCompile Include="..\..\src\commons\zlib\inflate.c">
      <Filter>Sources\zlib</Filter>
    </ClCompile>
    <ClCompile Include="..\..\src\commons\zlib\inftrees.c">
      <Filter>Sources\zlib</Filter>
    </ClCompile>
    <ClCompile Include="..\..\src\commons\zlib\trees.c">
      <Filter>Sources\zlib</Filter>
    </ClCompile>
    <ClCompile Include="..\..\src\commons\zlib\uncompr.c">
      <Filter>Sources\zlib</Filter>
    </ClCompile>
    <ClCompile Include="..\..\src\commons\zlib\zutil.c">
      <Filter>Sources\zlib</Filter>
    </ClCompile>
  </ItemGroup>
  <ItemGroup>
    <ClInclude Include="..\..\src\commons\ayumi\ayumi.h">
      <Filter>Sources\ayumi</Filter>
    </ClInclude>
    <ClInclude Include="..\..\src\commons\lh5_decode\lh5_decode.h">
      <Filter>Sources\lh5_decode</Filter>
    </ClInclude>
    <ClInclude Include="..\..\src\commons\glob\glob.h">
      <Filter>Sources\glob</Filter>
    </ClInclude>
    <ClInclude Include="..\..\src\commons\gzip\gzstream.h">
      <Filter>Sources\gzip</Filter>
    </ClInclude>
    <ClInclude Include="..\..\src\commons\zlib\crc32.h">
      <Filter>Sources\zlib</Filter>
    </ClInclude>
    <ClInclude Include="..\..\src\commons\zlib\deflate.h">
      <Filter>Sources\zlib</Filter>
    </ClInclude>
    <ClInclude Include="..\..\src\commons\zlib\inffast.h">
      <Filter>Sources\zlib</Filter>
    </ClInclude>
    <ClInclude Include="..\..\src\commons\zlib\inffixed.h">
      <Filter>Sources\zlib</Filter>
    </ClInclude>
    <ClInclude Include="..\..\src\commons\zlib\inflate.h">
      <Filter>Sources\zlib</Filter>
    </ClInclude>
    <ClInclude Include="..\..\src\commons\zlib\inftrees.h">
      <Filter>Sources\zlib</Filter>
    </ClInclude>
    <ClInclude Include="..\..\src\commons\zlib\trees.h">
      <Filter>Sources\zlib</Filter>
    </ClInclude>
    <ClInclude Include="..\..\src\commons\zlib\zconf.h">
      <Filter>Sources\zlib</Filter>
    </ClInclude>
    <ClInclude Include="..\..\src\commons\zlib\zconf.in.h">
      <Filter>Sources\zlib</Filter>
    </ClInclude>
    <ClInclude Include="..\..\src\commons\zlib\zlib.h">
      <Filter>Sources\zlib</Filter>
    </ClInclude>
    <ClInclude Include="..\..\src\commons\zlib\zutil.h">
      <Filter>Sources\zlib</Filter>
    </ClInclude>
  </ItemGroup>
</Project>