<?xml version="1.0" encoding="utf-8"?>
<Project ToolsVersion="4.0" xmlns="http://schemas.microsoft.com/developer/msbuild/2003">
  <ItemGroup>
    <Filter Include="Sources">
      <UniqueIdentifier>{1fc6a27e-93ab-493e-8525-7b8b8240d582}</UniqueIdentifier>
    </Filter>
    <Filter Include="Sources\encoders">
      <UniqueIdentifier>{49040456-cd88-44f9-83c8-b1ef6b6cfd28}</UniqueIdentifier>
    </Filter>
    <Filter Include="Sources\decoders">
      <UniqueIdentifier>{038e6189-8da3-46ef-b548-0bdafde6015c}</UniqueIdentifier>
    </Filter>
    <Filter Include="Sources\module">
      <UniqueIdentifier>{a61c2248-7658-45e0-be9d-23f4187b8bb0}</UniqueIdentifier>
    </Filter>
    <Filter Include="Sources\output">
      <UniqueIdentifier>{ed5e2415-9dc9-40e5-b12f-f9c14b1de61d}</UniqueIdentifier>
    </Filter>
    <Filter Include="Sources\output\Emulator">
      <UniqueIdentifier>{96c475f2-9d82-4526-83d4-f31a499a46ef}</UniqueIdentifier>
    </Filter>
    <Filter Include="Sources\output\Streamer">
      <UniqueIdentifier>{d8709f9e-51ca-46b5-9705-8a9e1ab44b87}</UniqueIdentifier>
    </Filter>
  </ItemGroup>
  <ItemGroup>
    <ClInclude Include="..\src\encoders\EncodePSG.h">
      <Filter>Sources\encoders</Filter>
    </ClInclude>
    <ClInclude Include="..\src\decoders\DecodePSG.h">
      <Filter>Sources\decoders</Filter>
    </ClInclude>
    <ClInclude Include="..\src\decoders\Decoder.h">
      <Filter>Sources\decoders</Filter>
    </ClInclude>
    <ClInclude Include="..\src\encoders\Encoder.h">
      <Filter>Sources\encoders</Filter>
    </ClInclude>
    <ClInclude Include="..\src\module\Frame.h">
      <Filter>Sources\module</Filter>
    </ClInclude>
    <ClInclude Include="..\src\module\Module.h">
      <Filter>Sources\module</Filter>
    </ClInclude>
    <ClInclude Include="..\src\module\Register.h">
      <Filter>Sources\module</Filter>
    </ClInclude>
    <ClInclude Include="..\src\decoders\DecodePT3.h">
      <Filter>Sources\decoders</Filter>
    </ClInclude>
    <ClInclude Include="..\src\output\Output.h">
      <Filter>Sources\output</Filter>
    </ClInclude>
    <ClInclude Include="..\src\module\Player.h">
      <Filter>Sources\module</Filter>
    </ClInclude>
    <ClInclude Include="..\src\encoders\EncodeTXT.h">
      <Filter>Sources\encoders</Filter>
    </ClInclude>
    <ClInclude Include="..\src\encoders\EncodeWAV.h">
      <Filter>Sources\encoders</Filter>
    </ClInclude>
    <ClInclude Include="..\src\decoders\DecodeVTX.h">
      <Filter>Sources\decoders</Filter>
    </ClInclude>
    <ClInclude Include="..\src\output\Chip.h">
      <Filter>Sources\output</Filter>
    </ClInclude>
    <ClInclude Include="..\src\module\Filelist.h">
      <Filter>Sources\module</Filter>
    </ClInclude>
    <ClInclude Include="..\src\output\Emulator\Emulator.h">
      <Filter>Sources\output\Emulator</Filter>
    </ClInclude>
    <ClInclude Include="..\src\output\Emulator\WaveAudio.h">
      <Filter>Sources\output\Emulator</Filter>
    </ClInclude>
    <ClInclude Include="..\src\output\Streamer\SerialPort.h">
      <Filter>Sources\output\Streamer</Filter>
    </ClInclude>
    <ClInclude Include="..\src\output\Streamer\Streamer.h">
      <Filter>Sources\output\Streamer</Filter>
    </ClInclude>
    <ClInclude Include="..\src\Interface.h">
      <Filter>Sources</Filter>
    </ClInclude>
    <ClInclude Include="..\src\decoders\DecodePT2.h">
      <Filter>Sources\decoders</Filter>
    </ClInclude>
    <ClInclude Include="..\src\decoders\DecodeSTC.h">
      <Filter>Sources\decoders</Filter>
    </ClInclude>
    <ClInclude Include="..\src\decoders\DecodeASC.h">
      <Filter>Sources\decoders</Filter>
    </ClInclude>
  </ItemGroup>
  <ItemGroup>
    <ClCompile Include="..\src\PSGTools.cpp">
      <Filter>Sources</Filter>
    </ClCompile>
    <ClCompile Include="..\src\encoders\EncodePSG.cpp">
      <Filter>Sources\encoders</Filter>
    </ClCompile>
    <ClCompile Include="..\src\decoders\DecodePSG.cpp">
      <Filter>Sources\decoders</Filter>
    </ClCompile>
    <ClCompile Include="..\src\module\Frame.cpp">
      <Filter>Sources\module</Filter>
    </ClCompile>
    <ClCompile Include="..\src\module\Module.cpp">
      <Filter>Sources\module</Filter>
    </ClCompile>
    <ClCompile Include="..\src\module\Register.cpp">
      <Filter>Sources\module</Filter>
    </ClCompile>
    <ClCompile Include="..\src\decoders\DecodePT3.cpp">
      <Filter>Sources\decoders</Filter>
    </ClCompile>
    <ClCompile Include="..\src\module\Player.cpp">
      <Filter>Sources\module</Filter>
    </ClCompile>
    <ClCompile Include="..\src\encoders\EncodeTXT.cpp">
      <Filter>Sources\encoders</Filter>
    </ClCompile>
    <ClCompile Include="..\src\encoders\EncodeWAV.cpp">
      <Filter>Sources\encoders</Filter>
    </ClCompile>
    <ClCompile Include="..\src\decoders\DecodeVTX.cpp">
      <Filter>Sources\decoders</Filter>
    </ClCompile>
    <ClCompile Include="..\src\module\Filelist.cpp">
      <Filter>Sources\module</Filter>
    </ClCompile>
    <ClCompile Include="..\src\output\Emulator\Emulator.cpp">
      <Filter>Sources\output\Emulator</Filter>
    </ClCompile>
    <ClCompile Include="..\src\output\Emulator\WaveAudio.cpp">
      <Filter>Sources\output\Emulator</Filter>
    </ClCompile>
    <ClCompile Include="..\src\output\Streamer\SerialPort.cpp">
      <Filter>Sources\output\Streamer</Filter>
    </ClCompile>
    <ClCompile Include="..\src\output\Streamer\Streamer.cpp">
      <Filter>Sources\output\Streamer</Filter>
    </ClCompile>
    <ClCompile Include="..\src\output\Chip.cpp">
      <Filter>Sources\output</Filter>
    </ClCompile>
    <ClCompile Include="..\src\Interface.cpp">
      <Filter>Sources</Filter>
    </ClCompile>
    <ClCompile Include="..\src\decoders\DecodePT2.cpp">
      <Filter>Sources\decoders</Filter>
    </ClCompile>
    <ClCompile Include="..\src\decoders\DecodeSTC.cpp">
      <Filter>Sources\decoders</Filter>
    </ClCompile>
    <ClCompile Include="..\src\decoders\DecodeASC.cpp">
      <Filter>Sources\decoders</Filter>
    </ClCompile>
  </ItemGroup>
</Project>